
Microsoft Visual Studio Solution File, Format Version 12.00
# Visual Studio 15
VisualStudioVersion = 15.0.26730.16
MinimumVisualStudioVersion = 10.0.40219.1
Project("{FAE04EC0-301F-11D3-BF4B-00C04F79EFBC}") = "Password", "Password\Password.csproj", "{199F00D2-1A91-4D44-B9DA-DC697EA6D5D7}"
EndProject
Project("{FAE04EC0-301F-11D3-BF4B-00C04F79EFBC}") = "XMLModel", "XMLModel\XMLModel.csproj", "{672E3FC6-5198-41C6-8610-72C17D120F94}"
EndProject
Project("{2150E333-8FDC-42A3-9474-1A3956D46DE8}") = "Resource", "Resource", "{8C0D2142-EFFC-41E1-AE1A-38590FCF7738}"
	ProjectSection(SolutionItems) = preProject
		SavePackage\Randme.txt = SavePackage\Randme.txt
		SavePackage\RandmeOK.txt = SavePackage\RandmeOK.txt
	EndProjectSection
EndProject
Project("{911E67C6-3D85-4FCE-B560-20A9C3E3FF48}") = "PrAccount.sln.setup", "SavePackage\PrAccount.sln.setup.exe", "{95F2CF95-9AFD-4561-B2A3-12A16A38FD1E}"
	ProjectSection(DebuggerProjectSystem) = preProject
		PortSupplier = 00000000-0000-0000-0000-000000000000
		Executable = C:\Users\Aiyero\Desktop\Password\SavePackage\PrAccount.sln.setup.exe
		RemoteMachine = DESKTOP-BRAUOEP
		StartingDirectory = C:\Users\Aiyero\Desktop\Password\SavePackage
		Environment = 默认值
		LaunchingEngine = 00000000-0000-0000-0000-000000000000
		UseLegacyDebugEngines = No
		LaunchSQLEngine = No
		AttachLaunchAction = No
	EndProjectSection
EndProject
Global
	GlobalSection(SolutionConfigurationPlatforms) = preSolution
		Debug|Any CPU = Debug|Any CPU
		Debug|x86 = Debug|x86
		Release|Any CPU = Release|Any CPU
		Release|x86 = Release|x86
	EndGlobalSection
	GlobalSection(ProjectConfigurationPlatforms) = postSolution
		{199F00D2-1A91-4D44-B9DA-DC697EA6D5D7}.Debug|Any CPU.ActiveCfg = Debug|Any CPU
		{199F00D2-1A91-4D44-B9DA-DC697EA6D5D7}.Debug|Any CPU.Build.0 = Debug|Any CPU
		{199F00D2-1A91-4D44-B9DA-DC697EA6D5D7}.Debug|x86.ActiveCfg = Debug|Any CPU
		{199F00D2-1A91-4D44-B9DA-DC697EA6D5D7}.Debug|x86.Build.0 = Debug|Any CPU
		{199F00D2-1A91-4D44-B9DA-DC697EA6D5D7}.Release|Any CPU.ActiveCfg = Release|Any CPU
		{199F00D2-1A91-4D44-B9DA-DC697EA6D5D7}.Release|Any CPU.Build.0 = Release|Any CPU
		{199F00D2-1A91-4D44-B9DA-DC697EA6D5D7}.Release|x86.ActiveCfg = Release|Any CPU
		{199F00D2-1A91-4D44-B9DA-DC697EA6D5D7}.Release|x86.Build.0 = Release|Any CPU
		{672E3FC6-5198-41C6-8610-72C17D120F94}.Debug|Any CPU.ActiveCfg = Debug|Any CPU
		{672E3FC6-5198-41C6-8610-72C17D120F94}.Debug|Any CPU.Build.0 = Debug|Any CPU
		{672E3FC6-5198-41C6-8610-72C17D120F94}.Debug|x86.ActiveCfg = Debug|Any CPU
		{672E3FC6-5198-41C6-8610-72C17D120F94}.Debug|x86.Build.0 = Debug|Any CPU
		{672E3FC6-5198-41C6-8610-72C17D120F94}.Release|Any CPU.ActiveCfg = Release|Any CPU
		{672E3FC6-5198-41C6-8610-72C17D120F94}.Release|Any CPU.Build.0 = Release|Any CPU
		{672E3FC6-5198-41C6-8610-72C17D120F94}.Release|x86.ActiveCfg = Release|Any CPU
		{672E3FC6-5198-41C6-8610-72C17D120F94}.Release|x86.Build.0 = Release|Any CPU
		{95F2CF95-9AFD-4561-B2A3-12A16A38FD1E}.Debug|Any CPU.ActiveCfg = Release|x86
		{95F2CF95-9AFD-4561-B2A3-12A16A38FD1E}.Debug|x86.ActiveCfg = Release|x86
		{95F2CF95-9AFD-4561-B2A3-12A16A38FD1E}.Release|Any CPU.ActiveCfg = Release|x86
		{95F2CF95-9AFD-4561-B2A3-12A16A38FD1E}.Release|x86.ActiveCfg = Release|x86
	EndGlobalSection
	GlobalSection(SolutionProperties) = preSolution
		HideSolutionNode = FALSE
	EndGlobalSection
	GlobalSection(NestedProjects) = preSolution
		{95F2CF95-9AFD-4561-B2A3-12A16A38FD1E} = {8C0D2142-EFFC-41E1-AE1A-38590FCF7738}
	EndGlobalSection
	GlobalSection(ExtensibilityGlobals) = postSolution
		SolutionGuid = {021E3108-BEB3-4A2C-AA3E-414CFD6A87C3}
	EndGlobalSection
EndGlobal
